
Microsoft Visual Studio Solution File, Format Version 12.00
# Visual Studio Version 16
VisualStudioVersion = 16.0.30225.117
MinimumVisualStudioVersion = 10.0.40219.1
Project("{FAE04EC0-301F-11D3-BF4B-00C04F79EFBC}") = "Math", "Math.csproj", "{2D374E45-D04F-4992-8536-1EAF57A0D596}"
EndProject
Global
	GlobalSection(SolutionConfigurationPlatforms) = preSolution
		Debug|Any CPU = Debug|Any CPU
		Release|Any CPU = Release|Any CPU
	EndGlobalSection
	GlobalSection(ProjectConfigurationPlatforms) = postSolution
		{2D374E45-D04F-4992-8536-1EAF57A0D596}.Debug|Any CPU.ActiveCfg = Debug|Any CPU
		{2D374E45-D04F-4992-8536-1EAF57A0D596}.Debug|Any CPU.Build.0 = Debug|Any CPU
		{2D374E45-D04F-4992-8536-1EAF57A0D596}.Release|Any CPU.ActiveCfg = Release|Any CPU
		{2D374E45-D04F-4992-8536-1EAF57A0D596}.Release|Any CPU.Build.0 = Release|Any CPU
	EndGlobalSection
	GlobalSection(SolutionProperties) = preSolution
		HideSolutionNode = FALSE
	EndGlobalSection
	GlobalSection(ExtensibilityGlobals) = postSolution
		SolutionGuid = {5D403E3F-11EF-4288-95E8-48CE0A6365C2}
	EndGlobalSection
EndGlobal
